# THIS IS AN AUTOGENERATED FILE. DO NOT EDIT THIS FILE DIRECTLY.
# yarn lockfile v1


"@types/node@^14.0.13":
  version "14.0.13"
  resolved "https://registry.yarnpkg.com/@types/node/-/node-14.0.13.tgz#ee1128e881b874c371374c1f72201893616417c9"
  integrity sha512-rouEWBImiRaSJsVA+ITTFM6ZxibuAlTuNOCyxVbwreu6k6+ujs7DfnU9o+PShFhET78pMBl3eH+AGSI5eOTkPA==

argparse@^1.0.7:
  version "1.0.10"
  resolved "https://registry.yarnpkg.com/argparse/-/argparse-1.0.10.tgz#bcd6791ea5ae09725e17e5ad988134cd40b3d911"
  integrity sha512-o5Roy6tNG4SL/FOkCAN6RzjiakZS25RLYFrcMttJqbdd8BWrnA+fGz57iN5Pb06pvBGvl5gQ0B48dJlslXvoTg==
  dependencies:
    sprintf-js "~1.0.2"

clipboard@^2.0.0:
  version "2.0.6"
  resolved "https://registry.yarnpkg.com/clipboard/-/clipboard-2.0.6.tgz#52921296eec0fdf77ead1749421b21c968647376"
  integrity sha512-g5zbiixBRk/wyKakSwCKd7vQXDjFnAMGHoEyBogG/bw9kTD9GvdAvaoRR1ALcEzt3pVKxZR0pViekPMIS0QyGg==
  dependencies:
    good-listener "^1.2.2"
    select "^1.1.2"
    tiny-emitter "^2.0.0"

delegate@^3.1.2:
  version "3.2.0"
  resolved "https://registry.yarnpkg.com/delegate/-/delegate-3.2.0.tgz#b66b71c3158522e8ab5744f720d8ca0c2af59166"
  integrity sha512-IofjkYBZaZivn0V8nnsMJGBr4jVLxHDheKSW88PyxS5QC4Vo9ZbZVvhzlSxY87fVq3STR6r+4cGepyHkcWOQSw==

entities@~2.0.0:
  version "2.0.3"
  resolved "https://registry.yarnpkg.com/entities/-/entities-2.0.3.tgz#5c487e5742ab93c15abb5da22759b8590ec03b7f"
  integrity sha512-MyoZ0jgnLvB2X3Lg5HqpFmn1kybDiIfEQmKzTb5apr51Rb+T3KdmMiqa70T+bhGnyv7bQ6WMj2QMHpGMmlrUYQ==

good-listener@^1.2.2:
  version "1.2.2"
  resolved "https://registry.yarnpkg.com/good-listener/-/good-listener-1.2.2.tgz#d53b30cdf9313dffb7dc9a0d477096aa6d145c50"
  integrity sha1-1TswzfkxPf+33JoNR3CWqm0UXFA=
  dependencies:
    delegate "^3.1.2"

linkify-it@^3.0.1:
  version "3.0.2"
  resolved "https://registry.yarnpkg.com/linkify-it/-/linkify-it-3.0.2.tgz#f55eeb8bc1d3ae754049e124ab3bb56d97797fb8"
  integrity sha512-gDBO4aHNZS6coiZCKVhSNh43F9ioIL4JwRjLZPkoLIY4yZFwg264Y5lu2x6rb1Js42Gh6Yqm2f6L2AJcnkzinQ==
  dependencies:
    uc.micro "^1.0.1"

markdown-it-anchor@^5.3.0:
  version "5.3.0"
  resolved "https://registry.yarnpkg.com/markdown-it-anchor/-/markdown-it-anchor-5.3.0.tgz#d549acd64856a8ecd1bea58365ef385effbac744"
  integrity sha512-/V1MnLL/rgJ3jkMWo84UR+K+jF1cxNG1a+KwqeXqTIJ+jtA8aWSHuigx8lTzauiIjBDbwF3NcWQMotd0Dm39jA==

markdown-it-container@^2.0.0:
  version "2.0.0"
  resolved "https://registry.yarnpkg.com/markdown-it-container/-/markdown-it-container-2.0.0.tgz#0019b43fd02eefece2f1960a2895fba81a404695"
  integrity sha1-ABm0P9Au7+zi8ZYKKJX7qBpARpU=

markdown-it-custom-block@catnose99/markdown-it-custom-block#master:
  version "0.1.1"
  resolved "https://codeload.github.com/catnose99/markdown-it-custom-block/tar.gz/9c627526d315a150a1adceb37b8f8f5159dee3cf"

markdown-it-footnote@^3.0.2:
  version "3.0.2"
  resolved "https://registry.yarnpkg.com/markdown-it-footnote/-/markdown-it-footnote-3.0.2.tgz#1575ee7a093648d4e096aa33386b058d92ac8bc1"
  integrity sha512-JVW6fCmZWjvMdDQSbOT3nnOQtd9iAXmw7hTSh26+v42BnvXeVyGMDBm5b/EZocMed2MbCAHiTX632vY0FyGB8A==

markdown-it-highlight-lines@^1.0.2:
  version "1.0.2"
  resolved "https://registry.yarnpkg.com/markdown-it-highlight-lines/-/markdown-it-highlight-lines-1.0.2.tgz#33ecf51cd9d9e741cd86f583cb95b67de81fc9c7"
  integrity sha512-9Pyt/B+Ca3QBSXDS/znmojy/k6HDe8FJlJwIj/BKgvxE3MQWK9GHQCJJT5Lb1er23svZT99kJ/YRhLpDK+5GUQ==

markdown-it-image-lazy-loading@^1.0.2:
  version "1.0.2"
  resolved "https://registry.yarnpkg.com/markdown-it-image-lazy-loading/-/markdown-it-image-lazy-loading-1.0.2.tgz#fbacba9818a9657286295b2a9a15ec722b27d550"
  integrity sha512-FBGKcF+zDSE7HEN9rGar6+36RtO3ozakqNLpbl2uL91DZQEIkXxN8uUZXJGCjvQL4O5f9IxeP5lagxX3FZ2SgA==

markdown-it-imsize@^2.0.1:
  version "2.0.1"
  resolved "https://registry.yarnpkg.com/markdown-it-imsize/-/markdown-it-imsize-2.0.1.tgz#cca0427905d05338a247cb9ca9d968c5cddd5170"
  integrity sha1-zKBCeQXQUziiR8ucqdloxc3dUXA=

markdown-it-link-attributes@^3.0.0:
  version "3.0.0"
  resolved "https://registry.yarnpkg.com/markdown-it-link-attributes/-/markdown-it-link-attributes-3.0.0.tgz#12d6f403102ac22695ee2617bec109ee79426e45"
  integrity sha512-B34ySxVeo6MuEGSPCWyIYryuXINOvngNZL87Mp7YYfKIf6DcD837+lXA8mo6EBbauKsnGz22ZH0zsbOiQRWTNg==

markdown-it-prism@^2.0.5:
  version "2.0.5"
  resolved "https://registry.yarnpkg.com/markdown-it-prism/-/markdown-it-prism-2.0.5.tgz#4bbf46be47878f227678dd83ed97f6c9b07a4094"
  integrity sha512-u2jErcoLCnENIOUnEbS9w9RWUGiId8fjQovD0Gbo4iT8tZU0/Un4v72E8g8sj/NAzieSCvFVG6KtMwlurSBMnw==
  dependencies:
    prismjs "1.19.0"

markdown-it@^11.0.0:
  version "11.0.0"
  resolved "https://registry.yarnpkg.com/markdown-it/-/markdown-it-11.0.0.tgz#dbfc30363e43d756ebc52c38586b91b90046b876"
  integrity sha512-+CvOnmbSubmQFSA9dKz1BRiaSMV7rhexl3sngKqFyXSagoA3fBdJQ8oZWtRy2knXdpDXaBw44euz37DeJQ9asg==
  dependencies:
    argparse "^1.0.7"
    entities "~2.0.0"
    linkify-it "^3.0.1"
    mdurl "^1.0.1"
    uc.micro "^1.0.5"

mdurl@^1.0.1:
  version "1.0.1"
  resolved "https://registry.yarnpkg.com/mdurl/-/mdurl-1.0.1.tgz#fe85b2ec75a59037f2adfec100fd6c601761152e"
  integrity sha1-/oWy7HWlkDfyrf7BAP1sYBdhFS4=

prismjs@1.19.0:
  version "1.19.0"
  resolved "https://registry.yarnpkg.com/prismjs/-/prismjs-1.19.0.tgz#713afbd45c3baca4b321569f2df39e17e729d4dc"
  integrity sha512-IVFtbW9mCWm9eOIaEkNyo2Vl4NnEifis2GQ7/MLRG5TQe6t+4Sj9J5QWI9i3v+SS43uZBlCAOn+zYTVYQcPXJw==
  optionalDependencies:
    clipboard "^2.0.0"

select@^1.1.2:
  version "1.1.2"
  resolved "https://registry.yarnpkg.com/select/-/select-1.1.2.tgz#0e7350acdec80b1108528786ec1d4418d11b396d"
  integrity sha1-DnNQrN7ICxEIUoeG7B1EGNEbOW0=

sprintf-js@~1.0.2:
  version "1.0.3"
  resolved "https://registry.yarnpkg.com/sprintf-js/-/sprintf-js-1.0.3.tgz#04e6926f662895354f3dd015203633b857297e2c"
  integrity sha1-BOaSb2YolTVPPdAVIDYzuFcpfiw=

tiny-emitter@^2.0.0:
  version "2.1.0"
  resolved "https://registry.yarnpkg.com/tiny-emitter/-/tiny-emitter-2.1.0.tgz#1d1a56edfc51c43e863cbb5382a72330e3555423"
  integrity sha512-NB6Dk1A9xgQPMoGqC5CVXn123gWyte215ONT5Pp5a0yt4nlEoO1ZWeCwpncaekPHXO60i47ihFnZPiRPjRMq4Q==

typescript@^3.9.5:
  version "3.9.5"
  resolved "https://registry.yarnpkg.com/typescript/-/typescript-3.9.5.tgz#586f0dba300cde8be52dd1ac4f7e1009c1b13f36"
  integrity sha512-hSAifV3k+i6lEoCJ2k6R2Z/rp/H3+8sdmcn5NrS3/3kE7+RyZXm9aqvxWqjEXHAd8b0pShatpcdMTvEdvAJltQ==

uc.micro@^1.0.1, uc.micro@^1.0.5:
  version "1.0.6"
  resolved "https://registry.yarnpkg.com/uc.micro/-/uc.micro-1.0.6.tgz#9c411a802a409a91fc6cf74081baba34b24499ac"
  integrity sha512-8Y75pvTYkLJW2hWQHXxoqRgV7qb9B+9vFEtidML+7koHUFapnVJAZ6cKs+Qjz5Aw3aZWHMC6u0wJE3At+nSGwA==

zenn-markdown-html@latest:
  version "0.1.1"
  resolved "https://registry.yarnpkg.com/zenn-markdown-html/-/zenn-markdown-html-0.1.1.tgz#5945334bac7e06435c2c1f9e34dabb0ba2557e35"
  integrity sha512-OEYzbh5SroXlJW24KU2DJUaD3Ju2vfqdv7wAYPPpwdfkP/uYAwGS3NxpUZjxJ4DTrqXyxJTu6ECDcCXeOMllBA==
  dependencies:
    markdown-it "^11.0.0"
    markdown-it-anchor "^5.3.0"
    markdown-it-container "^2.0.0"
    markdown-it-custom-block catnose99/markdown-it-custom-block#master
    markdown-it-footnote "^3.0.2"
    markdown-it-highlight-lines "^1.0.2"
    markdown-it-image-lazy-loading "^1.0.2"
    markdown-it-imsize "^2.0.1"
    markdown-it-link-attributes "^3.0.0"
    markdown-it-prism "^2.0.5"
